
Microsoft Visual Studio Solution File, Format Version 12.00
# Visual Studio Version 17
VisualStudioVersion = 17.2.32630.192
MinimumVisualStudioVersion = 10.0.40219.1
Project("{FAE04EC0-301F-11D3-BF4B-00C04F79EFBC}") = "Sinema büfe uygulaması", "Sinema büfe uygulaması\Sinema büfe uygulaması.csproj", "{84BEDC31-F30D-45EA-AC89-62F9F64A487D}"
EndProject
Global
	GlobalSection(SolutionConfigurationPlatforms) = preSolution
		Debug|Any CPU = Debug|Any CPU
		Release|Any CPU = Release|Any CPU
	EndGlobalSection
	GlobalSection(ProjectConfigurationPlatforms) = postSolution
		{84BEDC31-F30D-45EA-AC89-62F9F64A487D}.Debug|Any CPU.ActiveCfg = Debug|Any CPU
		{84BEDC31-F30D-45EA-AC89-62F9F64A487D}.Debug|Any CPU.Build.0 = Debug|Any CPU
		{84BEDC31-F30D-45EA-AC89-62F9F64A487D}.Release|Any CPU.ActiveCfg = Release|Any CPU
		{84BEDC31-F30D-45EA-AC89-62F9F64A487D}.Release|Any CPU.Build.0 = Release|Any CPU
	EndGlobalSection
	GlobalSection(SolutionProperties) = preSolution
		HideSolutionNode = FALSE
	EndGlobalSection
	GlobalSection(ExtensibilityGlobals) = postSolution
		SolutionGuid = {C3CE9CB6-D958-42E9-968D-72CCB8B5B8E9}
	EndGlobalSection
EndGlobal
